
Microsoft Visual Studio Solution File, Format Version 12.00
# Visual Studio Version 17
VisualStudioVersion = 17.4.33103.184
MinimumVisualStudioVersion = 10.0.40219.1
Project("{FAE04EC0-301F-11D3-BF4B-00C04F79EFBC}") = "ConsolidationTool.Api", "ConsolidationTool.Api\ConsolidationTool.Api.csproj", "{6B352716-C029-4142-810F-A30AB5BADB3F}"
EndProject
Project("{2150E333-8FDC-42A3-9474-1A3956D46DE8}") = "I.DataAccess", "I.DataAccess", "{7C05FEDC-49DA-4131-BADE-15A380DF87C3}"
EndProject
Project("{2150E333-8FDC-42A3-9474-1A3956D46DE8}") = "II.BusinessLogic", "II.BusinessLogic", "{350F85DB-5F5C-43AA-9A63-3E641493BC3B}"
EndProject
Project("{2150E333-8FDC-42A3-9474-1A3956D46DE8}") = "III.Presentation", "III.Presentation", "{B7F5372A-D17E-48CE-A674-8725201D09D6}"
EndProject
Project("{FAE04EC0-301F-11D3-BF4B-00C04F79EFBC}") = "ConsolidationTool.Data", "ConsolidationTool.Data\ConsolidationTool.Data.csproj", "{18537ADB-5368-4E72-BF89-301ECFB7E347}"
EndProject
Project("{FAE04EC0-301F-11D3-BF4B-00C04F79EFBC}") = "ConsolidationTool.Repository", "ConsolidationTool.Repository\ConsolidationTool.Repository.csproj", "{4A2DE31C-0184-4B4A-8EB1-8B5450671952}"
EndProject
Project("{FAE04EC0-301F-11D3-BF4B-00C04F79EFBC}") = "ConsolidationTool.Dto", "ConsolidationTool.Dto\ConsolidationTool.Dto.csproj", "{45201B64-2C1E-4E21-9B53-9B422FAEA566}"
EndProject
Project("{FAE04EC0-301F-11D3-BF4B-00C04F79EFBC}") = "ConsolidationTool.Service", "ConsolidationTool.Service\ConsolidationTool.Service.csproj", "{DC8A46BF-6A94-41DB-8628-5DA4DAA4BA42}"
EndProject
Global
	GlobalSection(SolutionConfigurationPlatforms) = preSolution
		Debug|Any CPU = Debug|Any CPU
		Release|Any CPU = Release|Any CPU
	EndGlobalSection
	GlobalSection(ProjectConfigurationPlatforms) = postSolution
		{6B352716-C029-4142-810F-A30AB5BADB3F}.Debug|Any CPU.ActiveCfg = Debug|Any CPU
		{6B352716-C029-4142-810F-A30AB5BADB3F}.Debug|Any CPU.Build.0 = Debug|Any CPU
		{6B352716-C029-4142-810F-A30AB5BADB3F}.Release|Any CPU.ActiveCfg = Release|Any CPU
		{6B352716-C029-4142-810F-A30AB5BADB3F}.Release|Any CPU.Build.0 = Release|Any CPU
		{18537ADB-5368-4E72-BF89-301ECFB7E347}.Debug|Any CPU.ActiveCfg = Debug|Any CPU
		{18537ADB-5368-4E72-BF89-301ECFB7E347}.Debug|Any CPU.Build.0 = Debug|Any CPU
		{18537ADB-5368-4E72-BF89-301ECFB7E347}.Release|Any CPU.ActiveCfg = Release|Any CPU
		{18537ADB-5368-4E72-BF89-301ECFB7E347}.Release|Any CPU.Build.0 = Release|Any CPU
		{4A2DE31C-0184-4B4A-8EB1-8B5450671952}.Debug|Any CPU.ActiveCfg = Debug|Any CPU
		{4A2DE31C-0184-4B4A-8EB1-8B5450671952}.Debug|Any CPU.Build.0 = Debug|Any CPU
		{4A2DE31C-0184-4B4A-8EB1-8B5450671952}.Release|Any CPU.ActiveCfg = Release|Any CPU
		{4A2DE31C-0184-4B4A-8EB1-8B5450671952}.Release|Any CPU.Build.0 = Release|Any CPU
		{45201B64-2C1E-4E21-9B53-9B422FAEA566}.Debug|Any CPU.ActiveCfg = Debug|Any CPU
		{45201B64-2C1E-4E21-9B53-9B422FAEA566}.Debug|Any CPU.Build.0 = Debug|Any CPU
		{45201B64-2C1E-4E21-9B53-9B422FAEA566}.Release|Any CPU.ActiveCfg = Release|Any CPU
		{45201B64-2C1E-4E21-9B53-9B422FAEA566}.Release|Any CPU.Build.0 = Release|Any CPU
		{DC8A46BF-6A94-41DB-8628-5DA4DAA4BA42}.Debug|Any CPU.ActiveCfg = Debug|Any CPU
		{DC8A46BF-6A94-41DB-8628-5DA4DAA4BA42}.Debug|Any CPU.Build.0 = Debug|Any CPU
		{DC8A46BF-6A94-41DB-8628-5DA4DAA4BA42}.Release|Any CPU.ActiveCfg = Release|Any CPU
		{DC8A46BF-6A94-41DB-8628-5DA4DAA4BA42}.Release|Any CPU.Build.0 = Release|Any CPU
	EndGlobalSection
	GlobalSection(SolutionProperties) = preSolution
		HideSolutionNode = FALSE
	EndGlobalSection
	GlobalSection(NestedProjects) = preSolution
		{6B352716-C029-4142-810F-A30AB5BADB3F} = {B7F5372A-D17E-48CE-A674-8725201D09D6}
		{18537ADB-5368-4E72-BF89-301ECFB7E347} = {7C05FEDC-49DA-4131-BADE-15A380DF87C3}
		{4A2DE31C-0184-4B4A-8EB1-8B5450671952} = {7C05FEDC-49DA-4131-BADE-15A380DF87C3}
		{45201B64-2C1E-4E21-9B53-9B422FAEA566} = {350F85DB-5F5C-43AA-9A63-3E641493BC3B}
		{DC8A46BF-6A94-41DB-8628-5DA4DAA4BA42} = {350F85DB-5F5C-43AA-9A63-3E641493BC3B}
	EndGlobalSection
	GlobalSection(ExtensibilityGlobals) = postSolution
		SolutionGuid = {E2A0795F-0F12-4F91-A29D-1A25D0EBCE3C}
	EndGlobalSection
EndGlobal
